// !$*UTF8*$!
{
	archiveVersion = 1;
	classes = {
	};
	objectVersion = 46;
	objects = {

/* Begin PBXBuildFile section */
		8F2C23781D0D043F00DABEE1 /* AppDelegate.swift in Sources */ = {isa = PBXBuildFile; fileRef = 8F2C23771D0D043F00DABEE1 /* AppDelegate.swift */; };
		8F2C237A1D0D043F00DABEE1 /* ViewController.swift in Sources */ = {isa = PBXBuildFile; fileRef = 8F2C23791D0D043F00DABEE1 /* ViewController.swift */; };
		8F2C237D1D0D043F00DABEE1 /* Main.storyboard in Resources */ = {isa = PBXBuildFile; fileRef = 8F2C237B1D0D043F00DABEE1 /* Main.storyboard */; };
		8F2C237F1D0D043F00DABEE1 /* Assets.xcassets in Resources */ = {isa = PBXBuildFile; fileRef = 8F2C237E1D0D043F00DABEE1 /* Assets.xcassets */; };
		8F2C23821D0D043F00DABEE1 /* LaunchScreen.storyboard in Resources */ = {isa = PBXBuildFile; fileRef = 8F2C23801D0D043F00DABEE1 /* LaunchScreen.storyboard */; };
		8F2C238A1D0D04C000DABEE1 /* YRPCommonModalView.swift in Sources */ = {isa = PBXBuildFile; fileRef = 8F2C23891D0D04C000DABEE1 /* YRPCommonModalView.swift */; };
		8F2C238E1D0D06EE00DABEE1 /* UIColor+Category.m in Sources */ = {isa = PBXBuildFile; fileRef = 8F2C238D1D0D06EE00DABEE1 /* UIColor+Category.m */; };
		8F2C23901D0D072600DABEE1 /* UIButton+Extension.swift in Sources */ = {isa = PBXBuildFile; fileRef = 8F2C238F1D0D072600DABEE1 /* UIButton+Extension.swift */; };
/* End PBXBuildFile section */

/* Begin PBXFileReference section */
		8F2C23741D0D043F00DABEE1 /* DRAlertView.app */ = {isa = PBXFileReference; explicitFileType = wrapper.application; includeInIndex = 0; path = DRAlertView.app; sourceTree = BUILT_PRODUCTS_DIR; };
		8F2C23771D0D043F00DABEE1 /* AppDelegate.swift */ = {isa = PBXFileReference; lastKnownFileType = sourcecode.swift; path = AppDelegate.swift; sourceTree = "<group>"; };
		8F2C23791D0D043F00DABEE1 /* ViewController.swift */ = {isa = PBXFileReference; lastKnownFileType = sourcecode.swift; path = ViewController.swift; sourceTree = "<group>"; };
		8F2C237C1D0D043F00DABEE1 /* Base */ = {isa = PBXFileReference; lastKnownFileType = file.storyboard; name = Base; path = Base.lproj/Main.storyboard; sourceTree = "<group>"; };
		8F2C237E1D0D043F00DABEE1 /* Assets.xcassets */ = {isa = PBXFileReference; lastKnownFileType = folder.assetcatalog; path = Assets.xcassets; sourceTree = "<group>"; };
		8F2C23811D0D043F00DABEE1 /* Base */ = {isa = PBXFileReference; lastKnownFileType = file.storyboard; name = Base; path = Base.lproj/LaunchScreen.storyboard; sourceTree = "<group>"; };
		8F2C23831D0D043F00DABEE1 /* Info.plist */ = {isa = PBXFileReference; lastKnownFileType = text.plist.xml; path = Info.plist; sourceTree = "<group>"; };
		8F2C23891D0D04C000DABEE1 /* YRPCommonModalView.swift */ = {isa = PBXFileReference; fileEncoding = 4; lastKnownFileType = sourcecode.swift; path = YRPCommonModalView.swift; sourceTree = "<group>"; };
		8F2C238B1D0D06ED00DABEE1 /* DRAlertView-Bridging-Header.h */ = {isa = PBXFileReference; lastKnownFileType = sourcecode.c.h; path = "DRAlertView-Bridging-Header.h"; sourceTree = "<group>"; };
		8F2C238C1D0D06EE00DABEE1 /* UIColor+Category.h */ = {isa = PBXFileReference; fileEncoding = 4; lastKnownFileType = sourcecode.c.h; path = "UIColor+Category.h"; sourceTree = "<group>"; };
		8F2C238D1D0D06EE00DABEE1 /* UIColor+Category.m */ = {isa = PBXFileReference; fileEncoding = 4; lastKnownFileType = sourcecode.c.objc; path = "UIColor+Category.m"; sourceTree = "<group>"; };
		8F2C238F1D0D072600DABEE1 /* UIButton+Extension.swift */ = {isa = PBXFileReference; fileEncoding = 4; lastKnownFileType = sourcecode.swift; path = "UIButton+Extension.swift"; sourceTree = "<group>"; };
/* End PBXFileReference section */

/* Begin PBXFrameworksBuildPhase section */
		8F2C23711D0D043F00DABEE1 /* Frameworks */ = {
			isa = PBXFrameworksBuildPhase;
			buildActionMask = 2147483647;
			files = (
			);
			runOnlyForDeploymentPostprocessing = 0;
		};
/* End PBXFrameworksBuildPhase section */

/* Begin PBXGroup section */
		8F2C236B1D0D043F00DABEE1 = {
			isa = PBXGroup;
			children = (
				8F2C23761D0D043F00DABEE1 /* DRAlertView */,
				8F2C23751D0D043F00DABEE1 /* Products */,
			);
			sourceTree = "<group>";
		};
		8F2C23751D0D043F00DABEE1 /* Products */ = {
			isa = PBXGroup;
			children = (
				8F2C23741D0D043F00DABEE1 /* DRAlertView.app */,
			);
			name = Products;
			sourceTree = "<group>";
		};
		8F2C23761D0D043F00DABEE1 /* DRAlertView */ = {
			isa = PBXGroup;
			children = (
				8F2C23911D0D073500DABEE1 /* category */,
				8F2C23891D0D04C000DABEE1 /* YRPCommonModalView.swift */,
				8F2C23771D0D043F00DABEE1 /* AppDelegate.swift */,
				8F2C23791D0D043F00DABEE1 /* ViewController.swift */,
				8F2C237B1D0D043F00DABEE1 /* Main.storyboard */,
				8F2C237E1D0D043F00DABEE1 /* Assets.xcassets */,
				8F2C23801D0D043F00DABEE1 /* LaunchScreen.storyboard */,
				8F2C23831D0D043F00DABEE1 /* Info.plist */,
			);
			path = DRAlertView;
			sourceTree = "<group>";
		};
		8F2C23911D0D073500DABEE1 /* category */ = {
			isa = PBXGroup;
			children = (
				8F2C238C1D0D06EE00DABEE1 /* UIColor+Category.h */,
				8F2C238D1D0D06EE00DABEE1 /* UIColor+Category.m */,
				8F2C238F1D0D072600DABEE1 /* UIButton+Extension.swift */,
				8F2C238B1D0D06ED00DABEE1 /* DRAlertView-Bridging-Header.h */,
			);
			name = category;
			sourceTree = "<group>";
		};
/* End PBXGroup section */

/* Begin PBXNativeTarget section */
		8F2C23731D0D043F00DABEE1 /* DRAlertView */ = {
			isa = PBXNativeTarget;
			buildConfigurationList = 8F2C23861D0D043F00DABEE1 /* Build configuration list for PBXNativeTarget "DRAlertView" */;
			buildPhases = (
				8F2C23701D0D043F00DABEE1 /* Sources */,
				8F2C23711D0D043F00DABEE1 /* Frameworks */,
				8F2C23721D0D043F00DABEE1 /* Resources */,
			);
			buildRules = (
			);
			dependencies = (
			);
			name = DRAlertView;
			productName = DRAlertView;
			productReference = 8F2C23741D0D043F00DABEE1 /* DRAlertView.app */;
			productType = "com.apple.product-type.application";
		};
/* End PBXNativeTarget section */

/* Begin PBXProject section */
		8F2C236C1D0D043F00DABEE1 /* Project object */ = {
			isa = PBXProject;
			attributes = {
				LastSwiftUpdateCheck = 0720;
				LastUpgradeCheck = 0720;
				ORGANIZATIONNAME = dengrui;
				TargetAttributes = {
					8F2C23731D0D043F00DABEE1 = {
						CreatedOnToolsVersion = 7.2.1;
					};
				};
			};
			buildConfigurationList = 8F2C236F1D0D043F00DABEE1 /* Build configuration list for PBXProject "DRAlertView" */;
			compatibilityVersion = "Xcode 3.2";
			developmentRegion = English;
			hasScannedForEncodings = 0;
			knownRegions = (
				en,
				Base,
			);
			mainGroup = 8F2C236B1D0D043F00DABEE1;
			productRefGroup = 8F2C23751D0D043F00DABEE1 /* Products */;
			projectDirPath = "";
			projectRoot = "";
			targets = (
				8F2C23731D0D043F00DABEE1 /* DRAlertView */,
			);
		};
/* End PBXProject section */

/* Begin PBXResourcesBuildPhase section */
		8F2C23721D0D043F00DABEE1 /* Resources */ = {
			isa = PBXResourcesBuildPhase;
			buildActionMask = 2147483647;
			files = (
				8F2C23821D0D043F00DABEE1 /* LaunchScreen.storyboard in Resources */,
				8F2C237F1D0D043F00DABEE1 /* Assets.xcassets in Resources */,
				8F2C237D1D0D043F00DABEE1 /* Main.storyboard in Resources */,
			);
			runOnlyForDeploymentPostprocessing = 0;
		};
/* End PBXResourcesBuildPhase section */

/* Begin PBXSourcesBuildPhase section */
		8F2C23701D0D043F00DABEE1 /* Sources */ = {
			isa = PBXSourcesBuildPhase;
			buildActionMask = 2147483647;
			files = (
				8F2C237A1D0D043F00DABEE1 /* ViewController.swift in Sources */,
				8F2C238A1D0D04C000DABEE1 /* YRPCommonModalView.swift in Sources */,
				8F2C23781D0D043F00DABEE1 /* AppDelegate.swift in Sources */,
				8F2C23901D0D072600DABEE1 /* UIButton+Extension.swift in Sources */,
				8F2C238E1D0D06EE00DABEE1 /* UIColor+Category.m in Sources */,
			);
			runOnlyForDeploymentPostprocessing = 0;
		};
/* End PBXSourcesBuildPhase section */

/* Begin PBXVariantGroup section */
		8F2C237B1D0D043F00DABEE1 /* Main.storyboard */ = {
			isa = PBXVariantGroup;
			children = (
				8F2C237C1D0D043F00DABEE1 /* Base */,
			);
			name = Main.storyboard;
			sourceTree = "<group>";
		};
		8F2C23801D0D043F00DABEE1 /* LaunchScreen.storyboard */ = {
			isa = PBXVariantGroup;
			children = (
				8F2C23811D0D043F00DABEE1 /* Base */,
			);
			name = LaunchScreen.storyboard;
			sourceTree = "<group>";
		};
/* End PBXVariantGroup section */

/* Begin XCBuildConfiguration section */
		8F2C23841D0D043F00DABEE1 /* Debug */ = {
			isa = XCBuildConfiguration;
			buildSettings = {
				ALWAYS_SEARCH_USER_PATHS = NO;
				CLANG_CXX_LANGUAGE_STANDARD = "gnu++0x";
				CLANG_CXX_LIBRARY = "libc++";
				CLANG_ENABLE_MODULES = YES;
				CLANG_ENABLE_OBJC_ARC = YES;
				CLANG_WARN_BOOL_CONVERSION = YES;
				CLANG_WARN_CONSTANT_CONVERSION = YES;
				CLANG_WARN_DIRECT_OBJC_ISA_USAGE = YES_ERROR;
				CLANG_WARN_EMPTY_BODY = YES;
				CLANG_WARN_ENUM_CONVERSION = YES;
				CLANG_WARN_INT_CONVERSION = YES;
				CLANG_WARN_OBJC_ROOT_CLASS = YES_ERROR;
				CLANG_WARN_UNREACHABLE_CODE = YES;
				CLANG_WARN__DUPLICATE_METHOD_MATCH = YES;
				"CODE_SIGN_IDENTITY[sdk=iphoneos*]" = "iPhone Developer";
				COPY_PHASE_STRIP = NO;
				DEBUG_INFORMATION_FORMAT = dwarf;
				ENABLE_STRICT_OBJC_MSGSEND = YES;
				ENABLE_TESTABILITY = YES;
				GCC_C_LANGUAGE_STANDARD = gnu99;
				GCC_DYNAMIC_NO_PIC = NO;
				GCC_NO_COMMON_BLOCKS = YES;
				GCC_OPTIMIZATION_LEVEL = 0;
				GCC_PREPROCESSOR_DEFINITIONS = (
					"DEBUG=1",
					"$(inherited)",
				);
				GCC_WARN_64_TO_32_BIT_CONVERSION = YES;
				GCC_WARN_ABOUT_RETURN_TYPE = YES_ERROR;
				GCC_WARN_UNDECLARED_SELECTOR = YES;
				GCC_WARN_UNINITIALIZED_AUTOS = YES_AGGRESSIVE;
				GCC_WARN_UNUSED_FUNCTION = YES;
				GCC_WARN_UNUSED_VARIABLE = YES;
				IPHONEOS_DEPLOYMENT_TARGET = 9.2;
				MTL_ENABLE_DEBUG_INFO = YES;
				ONLY_ACTIVE_ARCH = YES;
				SDKROOT = iphoneos;
				SWIFT_OPTIMIZATION_LEVEL = "-Onone";
			};
			name = Debug;
		};
		8F2C23851D0D043F00DABEE1 /* Release */ = {
			isa = XCBuildConfiguration;
			buildSettings = {
				ALWAYS_SEARCH_USER_PATHS = NO;
				CLANG_CXX_LANGUAGE_STANDARD = "gnu++0x";
				CLANG_CXX_LIBRARY = "libc++";
				CLANG_ENABLE_MODULES = YES;
				CLANG_ENABLE_OBJC_ARC = YES;
				CLANG_WARN_BOOL_CONVERSION = YES;
				CLANG_WARN_CONSTANT_CONVERSION = YES;
				CLANG_WARN_DIRECT_OBJC_ISA_USAGE = YES_ERROR;
				CLANG_WARN_EMPTY_BODY = YES;
				CLANG_WARN_ENUM_CONVERSION = YES;
				CLANG_WARN_INT_CONVERSION = YES;
				CLANG_WARN_OBJC_ROOT_CLASS = YES_ERROR;
				CLANG_WARN_UNREACHABLE_CODE = YES;
				CLANG_WARN__DUPLICATE_METHOD_MATCH = YES;
				"CODE_SIGN_IDENTITY[sdk=iphoneos*]" = "iPhone Developer";
				COPY_PHASE_STRIP = NO;
				DEBUG_INFORMATION_FORMAT = "dwarf-with-dsym";
				ENABLE_NS_ASSERTIONS = NO;
				ENABLE_STRICT_OBJC_MSGSEND = YES;
				GCC_C_LANGUAGE_STANDARD = gnu99;
				GCC_NO_COMMON_BLOCKS = YES;
				GCC_WARN_64_TO_32_BIT_CONVERSION = YES;
				GCC_WARN_ABOUT_RETURN_TYPE = YES_ERROR;
				GCC_WARN_UNDECLARED_SELECTOR = YES;
				GCC_WARN_UNINITIALIZED_AUTOS = YES_AGGRESSIVE;
				GCC_WARN_UNUSED_FUNCTION = YES;
				GCC_WARN_UNUSED_VARIABLE = YES;
				IPHONEOS_DEPLOYMENT_TARGET = 9.2;
				MTL_ENABLE_DEBUG_INFO = NO;
				SDKROOT = iphoneos;
				VALIDATE_PRODUCT = YES;
			};
			name = Release;
		};
		8F2C23871D0D043F00DABEE1 /* Debug */ = {
			isa = XCBuildConfiguration;
			buildSettings = {
				ASSETCATALOG_COMPILER_APPICON_NAME = AppIcon;
				CLANG_ENABLE_MODULES = YES;
				INFOPLIST_FILE = DRAlertView/Info.plist;
				LD_RUNPATH_SEARCH_PATHS = "$(inherited) @executable_path/Frameworks";
				PRODUCT_BUNDLE_IDENTIFIER = com.yrpay.com.DRAlertView;
				PRODUCT_NAME = "$(TARGET_NAME)";
				SWIFT_OBJC_BRIDGING_HEADER = "DRAlertView/DRAlertView-Bridging-Header.h";
				SWIFT_OPTIMIZATION_LEVEL = "-Onone";
			};
			name = Debug;
		};
		8F2C23881D0D043F00DABEE1 /* Release */ = {
			isa = XCBuildConfiguration;
			buildSettings = {
				ASSETCATALOG_COMPILER_APPICON_NAME = AppIcon;
				CLANG_ENABLE_MODULES = YES;
				INFOPLIST_FILE = DRAlertView/Info.plist;
				LD_RUNPATH_SEARCH_PATHS = "$(inherited) @executable_path/Frameworks";
				PRODUCT_BUNDLE_IDENTIFIER = com.yrpay.com.DRAlertView;
				PRODUCT_NAME = "$(TARGET_NAME)";
				SWIFT_OBJC_BRIDGING_HEADER = "DRAlertView/DRAlertView-Bridging-Header.h";
			};
			name = Release;
		};
/* End XCBuildConfiguration section */

/* Begin XCConfigurationList section */
		8F2C236F1D0D043F00DABEE1 /* Build configuration list for PBXProject "DRAlertView" */ = {
			isa = XCConfigurationList;
			buildConfigurations = (
				8F2C23841D0D043F00DABEE1 /* Debug */,
				8F2C23851D0D043F00DABEE1 /* Release */,
			);
			defaultConfigurationIsVisible = 0;
			defaultConfigurationName = Release;
		};
		8F2C23861D0D043F00DABEE1 /* Build configuration list for PBXNativeTarget "DRAlertView" */ = {
			isa = XCConfigurationList;
			buildConfigurations = (
				8F2C23871D0D043F00DABEE1 /* Debug */,
				8F2C23881D0D043F00DABEE1 /* Release */,
			);
			defaultConfigurationIsVisible = 0;
		};
/* End XCConfigurationList section */
	};
	rootObject = 8F2C236C1D0D043F00DABEE1 /* Project object */;
}
